
Microsoft Visual Studio Solution File, Format Version 12.00
# Visual Studio Version 17
VisualStudioVersion = 17.4.33205.214
MinimumVisualStudioVersion = 10.0.40219.1
Project("{FAE04EC0-301F-11D3-BF4B-00C04F79EFBC}") = "LeaveManagement.Web", "LeaveManagement.Web\LeaveManagement.Web.csproj", "{88D7CDEB-5DCC-4A28-981A-40A96AAABBDD}"
EndProject
Global
	GlobalSection(SolutionConfigurationPlatforms) = preSolution
		Debug|Any CPU = Debug|Any CPU
		Release|Any CPU = Release|Any CPU
	EndGlobalSection
	GlobalSection(ProjectConfigurationPlatforms) = postSolution
		{88D7CDEB-5DCC-4A28-981A-40A96AAABBDD}.Debug|Any CPU.ActiveCfg = Debug|Any CPU
		{88D7CDEB-5DCC-4A28-981A-40A96AAABBDD}.Debug|Any CPU.Build.0 = Debug|Any CPU
		{88D7CDEB-5DCC-4A28-981A-40A96AAABBDD}.Release|Any CPU.ActiveCfg = Release|Any CPU
		{88D7CDEB-5DCC-4A28-981A-40A96AAABBDD}.Release|Any CPU.Build.0 = Release|Any CPU
	EndGlobalSection
	GlobalSection(SolutionProperties) = preSolution
		HideSolutionNode = FALSE
	EndGlobalSection
	GlobalSection(ExtensibilityGlobals) = postSolution
		SolutionGuid = {F0B8CAEB-8880-4A94-9687-10E255023653}
	EndGlobalSection
EndGlobal
